
Microsoft Visual Studio Solution File, Format Version 12.00
# Visual Studio Version 17
VisualStudioVersion = 17.10.34707.107
MinimumVisualStudioVersion = 10.0.40219.1
Project("{2150E333-8FDC-42A3-9474-1A3956D46DE8}") = "Solution Items", "Solution Items", "{B3E32FB4-9F93-490C-A55E-7347C2CAD765}"
	ProjectSection(SolutionItems) = preProject
		.editorconfig = .editorconfig
		global.json = global.json
		LICENSE.md = LICENSE.md
		nuget.config = nuget.config
		README.md = README.md
	EndProjectSection
EndProject
Project("{2150E333-8FDC-42A3-9474-1A3956D46DE8}") = "Chapter01", "Chapter01", "{17617094-C3A5-4C13-8FD3-50131C2C79FD}"
EndProject
Project("{9A19103F-16F7-4668-BE54-9A1E7A4F7556}") = "MonkeyInterpreter.Tests", "src\Chapter01\MonkeyInterpreter.Tests\MonkeyInterpreter.Tests.csproj", "{512D7E70-38AA-4868-89F5-6004054D8EED}"
EndProject
Project("{FAE04EC0-301F-11D3-BF4B-00C04F79EFBC}") = "MonkeyInterpreter", "src\Chapter01\MonkeyInterpreter\MonkeyInterpreter.csproj", "{8045B630-B117-41FC-AA6B-9B5A9763367D}"
EndProject
Project("{FAE04EC0-301F-11D3-BF4B-00C04F79EFBC}") = "MonkeyInterpreter.Repl", "src\Chapter01\MonkeyInterpreter.Repl\MonkeyInterpreter.Repl.csproj", "{68CC8509-00C0-4373-AC4B-65602A685A88}"
EndProject
Project("{FAE04EC0-301F-11D3-BF4B-00C04F79EFBC}") = "MonkeyInterpreter", "src\Chapter02\MonkeyInterpreter\MonkeyInterpreter.csproj", "{E3B28CD1-0C08-4C9B-A475-02D7C52111DA}"
EndProject
Project("{2150E333-8FDC-42A3-9474-1A3956D46DE8}") = "Chapter02", "Chapter02", "{50C1A9F2-76E8-4FCE-BF99-DC55B9C98140}"
EndProject
Project("{FAE04EC0-301F-11D3-BF4B-00C04F79EFBC}") = "MonkeyInterpreter.Tests", "src\Chapter02\MonkeyInterpreter.Tests\MonkeyInterpreter.Tests.csproj", "{5EAC7569-4343-4F73-B702-2D31B8566F49}"
EndProject
Project("{FAE04EC0-301F-11D3-BF4B-00C04F79EFBC}") = "MonkeyInterpreter.Repl", "src\Chapter02\MonkeyInterpreter.Repl\MonkeyInterpreter.Repl.csproj", "{72921F65-8DED-4F07-AFBC-E5B790DE87BA}"
EndProject
Global
	GlobalSection(SolutionConfigurationPlatforms) = preSolution
		Debug|Any CPU = Debug|Any CPU
		Release|Any CPU = Release|Any CPU
	EndGlobalSection
	GlobalSection(ProjectConfigurationPlatforms) = postSolution
		{512D7E70-38AA-4868-89F5-6004054D8EED}.Debug|Any CPU.ActiveCfg = Debug|Any CPU
		{512D7E70-38AA-4868-89F5-6004054D8EED}.Debug|Any CPU.Build.0 = Debug|Any CPU
		{512D7E70-38AA-4868-89F5-6004054D8EED}.Release|Any CPU.ActiveCfg = Release|Any CPU
		{512D7E70-38AA-4868-89F5-6004054D8EED}.Release|Any CPU.Build.0 = Release|Any CPU
		{8045B630-B117-41FC-AA6B-9B5A9763367D}.Debug|Any CPU.ActiveCfg = Debug|Any CPU
		{8045B630-B117-41FC-AA6B-9B5A9763367D}.Debug|Any CPU.Build.0 = Debug|Any CPU
		{8045B630-B117-41FC-AA6B-9B5A9763367D}.Release|Any CPU.ActiveCfg = Release|Any CPU
		{8045B630-B117-41FC-AA6B-9B5A9763367D}.Release|Any CPU.Build.0 = Release|Any CPU
		{68CC8509-00C0-4373-AC4B-65602A685A88}.Debug|Any CPU.ActiveCfg = Debug|Any CPU
		{68CC8509-00C0-4373-AC4B-65602A685A88}.Debug|Any CPU.Build.0 = Debug|Any CPU
		{68CC8509-00C0-4373-AC4B-65602A685A88}.Release|Any CPU.ActiveCfg = Release|Any CPU
		{68CC8509-00C0-4373-AC4B-65602A685A88}.Release|Any CPU.Build.0 = Release|Any CPU
		{E3B28CD1-0C08-4C9B-A475-02D7C52111DA}.Debug|Any CPU.ActiveCfg = Debug|Any CPU
		{E3B28CD1-0C08-4C9B-A475-02D7C52111DA}.Debug|Any CPU.Build.0 = Debug|Any CPU
		{E3B28CD1-0C08-4C9B-A475-02D7C52111DA}.Release|Any CPU.ActiveCfg = Release|Any CPU
		{E3B28CD1-0C08-4C9B-A475-02D7C52111DA}.Release|Any CPU.Build.0 = Release|Any CPU
		{5EAC7569-4343-4F73-B702-2D31B8566F49}.Debug|Any CPU.ActiveCfg = Debug|Any CPU
		{5EAC7569-4343-4F73-B702-2D31B8566F49}.Debug|Any CPU.Build.0 = Debug|Any CPU
		{5EAC7569-4343-4F73-B702-2D31B8566F49}.Release|Any CPU.ActiveCfg = Release|Any CPU
		{5EAC7569-4343-4F73-B702-2D31B8566F49}.Release|Any CPU.Build.0 = Release|Any CPU
		{72921F65-8DED-4F07-AFBC-E5B790DE87BA}.Debug|Any CPU.ActiveCfg = Debug|Any CPU
		{72921F65-8DED-4F07-AFBC-E5B790DE87BA}.Debug|Any CPU.Build.0 = Debug|Any CPU
		{72921F65-8DED-4F07-AFBC-E5B790DE87BA}.Release|Any CPU.ActiveCfg = Release|Any CPU
		{72921F65-8DED-4F07-AFBC-E5B790DE87BA}.Release|Any CPU.Build.0 = Release|Any CPU
	EndGlobalSection
	GlobalSection(SolutionProperties) = preSolution
		HideSolutionNode = FALSE
	EndGlobalSection
	GlobalSection(NestedProjects) = preSolution
		{512D7E70-38AA-4868-89F5-6004054D8EED} = {17617094-C3A5-4C13-8FD3-50131C2C79FD}
		{8045B630-B117-41FC-AA6B-9B5A9763367D} = {17617094-C3A5-4C13-8FD3-50131C2C79FD}
		{68CC8509-00C0-4373-AC4B-65602A685A88} = {17617094-C3A5-4C13-8FD3-50131C2C79FD}
		{E3B28CD1-0C08-4C9B-A475-02D7C52111DA} = {50C1A9F2-76E8-4FCE-BF99-DC55B9C98140}
		{5EAC7569-4343-4F73-B702-2D31B8566F49} = {50C1A9F2-76E8-4FCE-BF99-DC55B9C98140}
		{72921F65-8DED-4F07-AFBC-E5B790DE87BA} = {50C1A9F2-76E8-4FCE-BF99-DC55B9C98140}
	EndGlobalSection
	GlobalSection(ExtensibilityGlobals) = postSolution
		SolutionGuid = {8059175D-149C-488C-89F0-2A89FE9F645F}
	EndGlobalSection
EndGlobal
